// !$*UTF8*$!
{
	archiveVersion = 1;
	classes = {
	};
	objectVersion = 56;
	objects = {

/* Begin PBXBuildFile section */
		08F833422BE40189001E08B3 /* AppDelegate.swift in Sources */ = {isa = PBXBuildFile; fileRef = 08F833412BE40189001E08B3 /* AppDelegate.swift */; };
		08F833442BE40189001E08B3 /* SceneDelegate.swift in Sources */ = {isa = PBXBuildFile; fileRef = 08F833432BE40189001E08B3 /* SceneDelegate.swift */; };
		08F833462BE40189001E08B3 /* MainPageViewController.swift in Sources */ = {isa = PBXBuildFile; fileRef = 08F833452BE40189001E08B3 /* MainPageViewController.swift */; };
		08F8334B2BE4018A001E08B3 /* Assets.xcassets in Resources */ = {isa = PBXBuildFile; fileRef = 08F8334A2BE4018A001E08B3 /* Assets.xcassets */; };
		08F8334E2BE4018A001E08B3 /* Base in Resources */ = {isa = PBXBuildFile; fileRef = 08F8334D2BE4018A001E08B3 /* Base */; };
		08F8335D2BE403E9001E08B3 /* MainPageViewModel.swift in Sources */ = {isa = PBXBuildFile; fileRef = 08F8335C2BE403E9001E08B3 /* MainPageViewModel.swift */; };
		08F8335F2BE40E1C001E08B3 /* RandomCatsFactModel.swift in Sources */ = {isa = PBXBuildFile; fileRef = 08F8335E2BE40E1C001E08B3 /* RandomCatsFactModel.swift */; };
		08F833662BE450C5001E08B3 /* SimpleNetworking in Frameworks */ = {isa = PBXBuildFile; productRef = 08F833652BE450C5001E08B3 /* SimpleNetworking */; };
/* End PBXBuildFile section */

/* Begin PBXFileReference section */
		08F8333E2BE40189001E08B3 /* 23Assignment.app */ = {isa = PBXFileReference; explicitFileType = wrapper.application; includeInIndex = 0; path = 23Assignment.app; sourceTree = BUILT_PRODUCTS_DIR; };
		08F833412BE40189001E08B3 /* AppDelegate.swift */ = {isa = PBXFileReference; lastKnownFileType = sourcecode.swift; path = AppDelegate.swift; sourceTree = "<group>"; };
		08F833432BE40189001E08B3 /* SceneDelegate.swift */ = {isa = PBXFileReference; lastKnownFileType = sourcecode.swift; path = SceneDelegate.swift; sourceTree = "<group>"; };
		08F833452BE40189001E08B3 /* MainPageViewController.swift */ = {isa = PBXFileReference; lastKnownFileType = sourcecode.swift; path = MainPageViewController.swift; sourceTree = "<group>"; };
		08F8334A2BE4018A001E08B3 /* Assets.xcassets */ = {isa = PBXFileReference; lastKnownFileType = folder.assetcatalog; path = Assets.xcassets; sourceTree = "<group>"; };
		08F8334D2BE4018A001E08B3 /* Base */ = {isa = PBXFileReference; lastKnownFileType = file.storyboard; name = Base; path = Base.lproj/LaunchScreen.storyboard; sourceTree = "<group>"; };
		08F8334F2BE4018A001E08B3 /* Info.plist */ = {isa = PBXFileReference; lastKnownFileType = text.plist.xml; path = Info.plist; sourceTree = "<group>"; };
		08F8335C2BE403E9001E08B3 /* MainPageViewModel.swift */ = {isa = PBXFileReference; lastKnownFileType = sourcecode.swift; path = MainPageViewModel.swift; sourceTree = "<group>"; };
		08F8335E2BE40E1C001E08B3 /* RandomCatsFactModel.swift */ = {isa = PBXFileReference; lastKnownFileType = sourcecode.swift; path = RandomCatsFactModel.swift; sourceTree = "<group>"; };
/* End PBXFileReference section */

/* Begin PBXFrameworksBuildPhase section */
		08F8333B2BE40189001E08B3 /* Frameworks */ = {
			isa = PBXFrameworksBuildPhase;
			buildActionMask = 2147483647;
			files = (
				08F833662BE450C5001E08B3 /* SimpleNetworking in Frameworks */,
			);
			runOnlyForDeploymentPostprocessing = 0;
		};
/* End PBXFrameworksBuildPhase section */

/* Begin PBXGroup section */
		08F833352BE40188001E08B3 = {
			isa = PBXGroup;
			children = (
				08F833402BE40189001E08B3 /* 23Assignment */,
				08F8333F2BE40189001E08B3 /* Products */,
			);
			sourceTree = "<group>";
		};
		08F8333F2BE40189001E08B3 /* Products */ = {
			isa = PBXGroup;
			children = (
				08F8333E2BE40189001E08B3 /* 23Assignment.app */,
			);
			name = Products;
			sourceTree = "<group>";
		};
		08F833402BE40189001E08B3 /* 23Assignment */ = {
			isa = PBXGroup;
			children = (
				08F833552BE401C8001E08B3 /* Supporting files */,
				08F833592BE4027B001E08B3 /* Model */,
				08F8335A2BE40284001E08B3 /* Scenes */,
				08F833582BE40238001E08B3 /* Resources */,
			);
			path = 23Assignment;
			sourceTree = "<group>";
		};
		08F833552BE401C8001E08B3 /* Supporting files */ = {
			isa = PBXGroup;
			children = (
				08F833562BE40208001E08B3 /* App&Scene */,
				08F833572BE40227001E08B3 /* Launch */,
			);
			path = "Supporting files";
			sourceTree = "<group>";
		};
		08F833562BE40208001E08B3 /* App&Scene */ = {
			isa = PBXGroup;
			children = (
				08F833432BE40189001E08B3 /* SceneDelegate.swift */,
				08F833412BE40189001E08B3 /* AppDelegate.swift */,
			);
			path = "App&Scene";
			sourceTree = "<group>";
		};
		08F833572BE40227001E08B3 /* Launch */ = {
			isa = PBXGroup;
			children = (
				08F8334C2BE4018A001E08B3 /* LaunchScreen.storyboard */,
			);
			path = Launch;
			sourceTree = "<group>";
		};
		08F833582BE40238001E08B3 /* Resources */ = {
			isa = PBXGroup;
			children = (
				08F8334A2BE4018A001E08B3 /* Assets.xcassets */,
				08F8334F2BE4018A001E08B3 /* Info.plist */,
			);
			path = Resources;
			sourceTree = "<group>";
		};
		08F833592BE4027B001E08B3 /* Model */ = {
			isa = PBXGroup;
			children = (
				08F8335E2BE40E1C001E08B3 /* RandomCatsFactModel.swift */,
			);
			path = Model;
			sourceTree = "<group>";
		};
		08F8335A2BE40284001E08B3 /* Scenes */ = {
			isa = PBXGroup;
			children = (
				08F8335B2BE402AB001E08B3 /* MainPage */,
			);
			path = Scenes;
			sourceTree = "<group>";
		};
		08F8335B2BE402AB001E08B3 /* MainPage */ = {
			isa = PBXGroup;
			children = (
				08F833452BE40189001E08B3 /* MainPageViewController.swift */,
				08F8335C2BE403E9001E08B3 /* MainPageViewModel.swift */,
			);
			path = MainPage;
			sourceTree = "<group>";
		};
/* End PBXGroup section */

/* Begin PBXNativeTarget section */
		08F8333D2BE40189001E08B3 /* 23Assignment */ = {
			isa = PBXNativeTarget;
			buildConfigurationList = 08F833522BE4018A001E08B3 /* Build configuration list for PBXNativeTarget "23Assignment" */;
			buildPhases = (
				08F8333A2BE40189001E08B3 /* Sources */,
				08F8333B2BE40189001E08B3 /* Frameworks */,
				08F8333C2BE40189001E08B3 /* Resources */,
			);
			buildRules = (
			);
			dependencies = (
			);
			name = 23Assignment;
			packageProductDependencies = (
				08F833652BE450C5001E08B3 /* SimpleNetworking */,
			);
			productName = 23Assignment;
			productReference = 08F8333E2BE40189001E08B3 /* 23Assignment.app */;
			productType = "com.apple.product-type.application";
		};
/* End PBXNativeTarget section */

/* Begin PBXProject section */
		08F833362BE40188001E08B3 /* Project object */ = {
			isa = PBXProject;
			attributes = {
				BuildIndependentTargetsInParallel = 1;
				LastSwiftUpdateCheck = 1530;
				LastUpgradeCheck = 1530;
				TargetAttributes = {
					08F8333D2BE40189001E08B3 = {
						CreatedOnToolsVersion = 15.3;
					};
				};
			};
			buildConfigurationList = 08F833392BE40188001E08B3 /* Build configuration list for PBXProject "23Assignment" */;
			compatibilityVersion = "Xcode 14.0";
			developmentRegion = en;
			hasScannedForEncodings = 0;
			knownRegions = (
				en,
				Base,
			);
			mainGroup = 08F833352BE40188001E08B3;
			packageReferences = (
				08F833642BE450C5001E08B3 /* XCRemoteSwiftPackageReference "SimpleNetworking" */,
			);
			productRefGroup = 08F8333F2BE40189001E08B3 /* Products */;
			projectDirPath = "";
			projectRoot = "";
			targets = (
				08F8333D2BE40189001E08B3 /* 23Assignment */,
			);
		};
/* End PBXProject section */

/* Begin PBXResourcesBuildPhase section */
		08F8333C2BE40189001E08B3 /* Resources */ = {
			isa = PBXResourcesBuildPhase;
			buildActionMask = 2147483647;
			files = (
				08F8334B2BE4018A001E08B3 /* Assets.xcassets in Resources */,
				08F8334E2BE4018A001E08B3 /* Base in Resources */,
			);
			runOnlyForDeploymentPostprocessing = 0;
		};
/* End PBXResourcesBuildPhase section */

/* Begin PBXSourcesBuildPhase section */
		08F8333A2BE40189001E08B3 /* Sources */ = {
			isa = PBXSourcesBuildPhase;
			buildActionMask = 2147483647;
			files = (
				08F8335D2BE403E9001E08B3 /* MainPageViewModel.swift in Sources */,
				08F833462BE40189001E08B3 /* MainPageViewController.swift in Sources */,
				08F8335F2BE40E1C001E08B3 /* RandomCatsFactModel.swift in Sources */,
				08F833422BE40189001E08B3 /* AppDelegate.swift in Sources */,
				08F833442BE40189001E08B3 /* SceneDelegate.swift in Sources */,
			);
			runOnlyForDeploymentPostprocessing = 0;
		};
/* End PBXSourcesBuildPhase section */

/* Begin PBXVariantGroup section */
		08F8334C2BE4018A001E08B3 /* LaunchScreen.storyboard */ = {
			isa = PBXVariantGroup;
			children = (
				08F8334D2BE4018A001E08B3 /* Base */,
			);
			name = LaunchScreen.storyboard;
			sourceTree = "<group>";
		};
/* End PBXVariantGroup section */

/* Begin XCBuildConfiguration section */
		08F833502BE4018A001E08B3 /* Debug */ = {
			isa = XCBuildConfiguration;
			buildSettings = {
				ALWAYS_SEARCH_USER_PATHS = NO;
				ASSETCATALOG_COMPILER_GENERATE_SWIFT_ASSET_SYMBOL_EXTENSIONS = YES;
				CLANG_ANALYZER_NONNULL = YES;
				CLANG_ANALYZER_NUMBER_OBJECT_CONVERSION = YES_AGGRESSIVE;
				CLANG_CXX_LANGUAGE_STANDARD = "gnu++20";
				CLANG_ENABLE_MODULES = YES;
				CLANG_ENABLE_OBJC_ARC = YES;
				CLANG_ENABLE_OBJC_WEAK = YES;
				CLANG_WARN_BLOCK_CAPTURE_AUTORELEASING = YES;
				CLANG_WARN_BOOL_CONVERSION = YES;
				CLANG_WARN_COMMA = YES;
				CLANG_WARN_CONSTANT_CONVERSION = YES;
				CLANG_WARN_DEPRECATED_OBJC_IMPLEMENTATIONS = YES;
				CLANG_WARN_DIRECT_OBJC_ISA_USAGE = YES_ERROR;
				CLANG_WARN_DOCUMENTATION_COMMENTS = YES;
				CLANG_WARN_EMPTY_BODY = YES;
				CLANG_WARN_ENUM_CONVERSION = YES;
				CLANG_WARN_INFINITE_RECURSION = YES;
				CLANG_WARN_INT_CONVERSION = YES;
				CLANG_WARN_NON_LITERAL_NULL_CONVERSION = YES;
				CLANG_WARN_OBJC_IMPLICIT_RETAIN_SELF = YES;
				CLANG_WARN_OBJC_LITERAL_CONVERSION = YES;
				CLANG_WARN_OBJC_ROOT_CLASS = YES_ERROR;
				CLANG_WARN_QUOTED_INCLUDE_IN_FRAMEWORK_HEADER = YES;
				CLANG_WARN_RANGE_LOOP_ANALYSIS = YES;
				CLANG_WARN_STRICT_PROTOTYPES = YES;
				CLANG_WARN_SUSPICIOUS_MOVE = YES;
				CLANG_WARN_UNGUARDED_AVAILABILITY = YES_AGGRESSIVE;
				CLANG_WARN_UNREACHABLE_CODE = YES;
				CLANG_WARN__DUPLICATE_METHOD_MATCH = YES;
				COPY_PHASE_STRIP = NO;
				DEBUG_INFORMATION_FORMAT = dwarf;
				ENABLE_STRICT_OBJC_MSGSEND = YES;
				ENABLE_TESTABILITY = YES;
				ENABLE_USER_SCRIPT_SANDBOXING = YES;
				GCC_C_LANGUAGE_STANDARD = gnu17;
				GCC_DYNAMIC_NO_PIC = NO;
				GCC_NO_COMMON_BLOCKS = YES;
				GCC_OPTIMIZATION_LEVEL = 0;
				GCC_PREPROCESSOR_DEFINITIONS = (
					"DEBUG=1",
					"$(inherited)",
				);
				GCC_WARN_64_TO_32_BIT_CONVERSION = YES;
				GCC_WARN_ABOUT_RETURN_TYPE = YES_ERROR;
				GCC_WARN_UNDECLARED_SELECTOR = YES;
				GCC_WARN_UNINITIALIZED_AUTOS = YES_AGGRESSIVE;
				GCC_WARN_UNUSED_FUNCTION = YES;
				GCC_WARN_UNUSED_VARIABLE = YES;
				IPHONEOS_DEPLOYMENT_TARGET = 17.4;
				LOCALIZATION_PREFERS_STRING_CATALOGS = YES;
				MTL_ENABLE_DEBUG_INFO = INCLUDE_SOURCE;
				MTL_FAST_MATH = YES;
				ONLY_ACTIVE_ARCH = YES;
				SDKROOT = iphoneos;
				SWIFT_ACTIVE_COMPILATION_CONDITIONS = "DEBUG $(inherited)";
				SWIFT_OPTIMIZATION_LEVEL = "-Onone";
			};
			name = Debug;
		};
		08F833512BE4018A001E08B3 /* Release */ = {
			isa = XCBuildConfiguration;
			buildSettings = {
				ALWAYS_SEARCH_USER_PATHS = NO;
				ASSETCATALOG_COMPILER_GENERATE_SWIFT_ASSET_SYMBOL_EXTENSIONS = YES;
				CLANG_ANALYZER_NONNULL = YES;
				CLANG_ANALYZER_NUMBER_OBJECT_CONVERSION = YES_AGGRESSIVE;
				CLANG_CXX_LANGUAGE_STANDARD = "gnu++20";
				CLANG_ENABLE_MODULES = YES;
				CLANG_ENABLE_OBJC_ARC = YES;
				CLANG_ENABLE_OBJC_WEAK = YES;
				CLANG_WARN_BLOCK_CAPTURE_AUTORELEASING = YES;
				CLANG_WARN_BOOL_CONVERSION = YES;
				CLANG_WARN_COMMA = YES;
				CLANG_WARN_CONSTANT_CONVERSION = YES;
				CLANG_WARN_DEPRECATED_OBJC_IMPLEMENTATIONS = YES;
				CLANG_WARN_DIRECT_OBJC_ISA_USAGE = YES_ERROR;
				CLANG_WARN_DOCUMENTATION_COMMENTS = YES;
				CLANG_WARN_EMPTY_BODY = YES;
				CLANG_WARN_ENUM_CONVERSION = YES;
				CLANG_WARN_INFINITE_RECURSION = YES;
				CLANG_WARN_INT_CONVERSION = YES;
				CLANG_WARN_NON_LITERAL_NULL_CONVERSION = YES;
				CLANG_WARN_OBJC_IMPLICIT_RETAIN_SELF = YES;
				CLANG_WARN_OBJC_LITERAL_CONVERSION = YES;
				CLANG_WARN_OBJC_ROOT_CLASS = YES_ERROR;
				CLANG_WARN_QUOTED_INCLUDE_IN_FRAMEWORK_HEADER = YES;
				CLANG_WARN_RANGE_LOOP_ANALYSIS = YES;
				CLANG_WARN_STRICT_PROTOTYPES = YES;
				CLANG_WARN_SUSPICIOUS_MOVE = YES;
				CLANG_WARN_UNGUARDED_AVAILABILITY = YES_AGGRESSIVE;
				CLANG_WARN_UNREACHABLE_CODE = YES;
				CLANG_WARN__DUPLICATE_METHOD_MATCH = YES;
				COPY_PHASE_STRIP = NO;
				DEBUG_INFORMATION_FORMAT = "dwarf-with-dsym";
				ENABLE_NS_ASSERTIONS = NO;
				ENABLE_STRICT_OBJC_MSGSEND = YES;
				ENABLE_USER_SCRIPT_SANDBOXING = YES;
				GCC_C_LANGUAGE_STANDARD = gnu17;
				GCC_NO_COMMON_BLOCKS = YES;
				GCC_WARN_64_TO_32_BIT_CONVERSION = YES;
				GCC_WARN_ABOUT_RETURN_TYPE = YES_ERROR;
				GCC_WARN_UNDECLARED_SELECTOR = YES;
				GCC_WARN_UNINITIALIZED_AUTOS = YES_AGGRESSIVE;
				GCC_WARN_UNUSED_FUNCTION = YES;
				GCC_WARN_UNUSED_VARIABLE = YES;
				IPHONEOS_DEPLOYMENT_TARGET = 17.4;
				LOCALIZATION_PREFERS_STRING_CATALOGS = YES;
				MTL_ENABLE_DEBUG_INFO = NO;
				MTL_FAST_MATH = YES;
				SDKROOT = iphoneos;
				SWIFT_COMPILATION_MODE = wholemodule;
				VALIDATE_PRODUCT = YES;
			};
			name = Release;
		};
		08F833532BE4018A001E08B3 /* Debug */ = {
			isa = XCBuildConfiguration;
			buildSettings = {
				ASSETCATALOG_COMPILER_APPICON_NAME = AppIcon;
				ASSETCATALOG_COMPILER_GLOBAL_ACCENT_COLOR_NAME = AccentColor;
				CODE_SIGN_STYLE = Automatic;
				CURRENT_PROJECT_VERSION = 1;
				DEVELOPMENT_TEAM = 863JKHR7M8;
				GENERATE_INFOPLIST_FILE = YES;
				INFOPLIST_FILE = 23Assignment/Resources/Info.plist;
				INFOPLIST_KEY_UIApplicationSupportsIndirectInputEvents = YES;
				INFOPLIST_KEY_UILaunchStoryboardName = LaunchScreen;
				INFOPLIST_KEY_UISupportedInterfaceOrientations_iPad = "UIInterfaceOrientationPortrait UIInterfaceOrientationPortraitUpsideDown UIInterfaceOrientationLandscapeLeft UIInterfaceOrientationLandscapeRight";
				INFOPLIST_KEY_UISupportedInterfaceOrientations_iPhone = "UIInterfaceOrientationPortrait UIInterfaceOrientationLandscapeLeft UIInterfaceOrientationLandscapeRight";
				LD_RUNPATH_SEARCH_PATHS = (
					"$(inherited)",
					"@executable_path/Frameworks",
				);
				MARKETING_VERSION = 1.0;
				PRODUCT_BUNDLE_IDENTIFIER = "com.sandro.-3Assignment";
				PRODUCT_NAME = "$(TARGET_NAME)";
				SWIFT_EMIT_LOC_STRINGS = YES;
				SWIFT_VERSION = 5.0;
				TARGETED_DEVICE_FAMILY = "1,2";
			};
			name = Debug;
		};
		08F833542BE4018A001E08B3 /* Release */ = {
			isa = XCBuildConfiguration;
			buildSettings = {
				ASSETCATALOG_COMPILER_APPICON_NAME = AppIcon;
				ASSETCATALOG_COMPILER_GLOBAL_ACCENT_COLOR_NAME = AccentColor;
				CODE_SIGN_STYLE = Automatic;
				CURRENT_PROJECT_VERSION = 1;
				DEVELOPMENT_TEAM = 863JKHR7M8;
				GENERATE_INFOPLIST_FILE = YES;
				INFOPLIST_FILE = 23Assignment/Resources/Info.plist;
				INFOPLIST_KEY_UIApplicationSupportsIndirectInputEvents = YES;
				INFOPLIST_KEY_UILaunchStoryboardName = LaunchScreen;
				INFOPLIST_KEY_UISupportedInterfaceOrientations_iPad = "UIInterfaceOrientationPortrait UIInterfaceOrientationPortraitUpsideDown UIInterfaceOrientationLandscapeLeft UIInterfaceOrientationLandscapeRight";
				INFOPLIST_KEY_UISupportedInterfaceOrientations_iPhone = "UIInterfaceOrientationPortrait UIInterfaceOrientationLandscapeLeft UIInterfaceOrientationLandscapeRight";
				LD_RUNPATH_SEARCH_PATHS = (
					"$(inherited)",
					"@executable_path/Frameworks",
				);
				MARKETING_VERSION = 1.0;
				PRODUCT_BUNDLE_IDENTIFIER = "com.sandro.-3Assignment";
				PRODUCT_NAME = "$(TARGET_NAME)";
				SWIFT_EMIT_LOC_STRINGS = YES;
				SWIFT_VERSION = 5.0;
				TARGETED_DEVICE_FAMILY = "1,2";
			};
			name = Release;
		};
/* End XCBuildConfiguration section */

/* Begin XCConfigurationList section */
		08F833392BE40188001E08B3 /* Build configuration list for PBXProject "23Assignment" */ = {
			isa = XCConfigurationList;
			buildConfigurations = (
				08F833502BE4018A001E08B3 /* Debug */,
				08F833512BE4018A001E08B3 /* Release */,
			);
			defaultConfigurationIsVisible = 0;
			defaultConfigurationName = Release;
		};
		08F833522BE4018A001E08B3 /* Build configuration list for PBXNativeTarget "23Assignment" */ = {
			isa = XCConfigurationList;
			buildConfigurations = (
				08F833532BE4018A001E08B3 /* Debug */,
				08F833542BE4018A001E08B3 /* Release */,
			);
			defaultConfigurationIsVisible = 0;
			defaultConfigurationName = Release;
		};
/* End XCConfigurationList section */

/* Begin XCRemoteSwiftPackageReference section */
		08F833642BE450C5001E08B3 /* XCRemoteSwiftPackageReference "SimpleNetworking" */ = {
			isa = XCRemoteSwiftPackageReference;
			repositoryURL = "https://github.com/sandrogelashvili/SimpleNetworking.git";
			requirement = {
				branch = master;
				kind = branch;
			};
		};
/* End XCRemoteSwiftPackageReference section */

/* Begin XCSwiftPackageProductDependency section */
		08F833652BE450C5001E08B3 /* SimpleNetworking */ = {
			isa = XCSwiftPackageProductDependency;
			package = 08F833642BE450C5001E08B3 /* XCRemoteSwiftPackageReference "SimpleNetworking" */;
			productName = SimpleNetworking;
		};
/* End XCSwiftPackageProductDependency section */
	};
	rootObject = 08F833362BE40188001E08B3 /* Project object */;
}
